// !$*UTF8*$!
{
	archiveVersion = 1;
	classes = {
	};
	objectVersion = 110;
	objects = {

/* Begin PBXBuildFile section */
		A2C1B0C00000000000000001 /* CHANGELOG.md in Resources */ = {isa = PBXBuildFile; fileRef = A2C1B0C00000000000000002 /* CHANGELOG.md */; };
/* End PBXBuildFile section */

/* Begin PBXContainerItemProxy section */
		74590B373024897300A11C66 /* PBXContainerItemProxy */ = {
			isa = PBXContainerItemProxy;
			containerPortal = 74590B213024896C00A11C66 /* Project object */;
			proxyType = 1;
			remoteGlobalIDString = 74590B283024896C00A11C66;
			remoteInfo = AssignmentApp2;
		};
		74590B413024897300A11C66 /* PBXContainerItemProxy */ = {
			isa = PBXContainerItemProxy;
			containerPortal = 74590B213024896C00A11C66 /* Project object */;
			proxyType = 1;
			remoteGlobalIDString = 74590B283024896C00A11C66;
			remoteInfo = AssignmentApp2;
		};
/* End PBXContainerItemProxy section */

/* Begin PBXFileReference section */
		A2C1B0C00000000000000002 /* CHANGELOG.md */ = {isa = PBXFileReference; lastKnownFileType = text.markdown; path = ../../CHANGELOG.md; sourceTree = "<group>"; };

		74590B293024896C00A11C66 /* Assignment App.app */ = {isa = PBXFileReference; explicitFileType = wrapper.application; includeInIndex = 0; path = "Assignment App.app"; sourceTree = BUILT_PRODUCTS_DIR; };
		74590B363024897300A11C66 /* AssignmentApp2Tests.xctest */ = {isa = PBXFileReference; explicitFileType = wrapper.cfbundle; includeInIndex = 0; path = AssignmentApp2Tests.xctest; sourceTree = BUILT_PRODUCTS_DIR; };
		74590B403024897300A11C66 /* AssignmentApp2UITests.xctest */ = {isa = PBXFileReference; explicitFileType = wrapper.cfbundle; includeInIndex = 0; path = AssignmentApp2UITests.xctest; sourceTree = BUILT_PRODUCTS_DIR; };
/* End PBXFileReference section */

/* Begin PBXFileSystemSynchronizedRootGroup section */
		74590B2B3024896C00A11C66 /* AssignmentApp2 */ = {
			isa = PBXFileSystemSynchronizedRootGroup;
			path = AssignmentApp2;
			sourceTree = "<group>";
		};
		74590B393024897300A11C66 /* AssignmentApp2Tests */ = {
			isa = PBXFileSystemSynchronizedRootGroup;
			path = AssignmentApp2Tests;
			sourceTree = "<group>";
		};
		74590B433024897300A11C66 /* AssignmentApp2UITests */ = {
			isa = PBXFileSystemSynchronizedRootGroup;
			path = AssignmentApp2UITests;
			sourceTree = "<group>";
		};
/* End PBXFileSystemSynchronizedRootGroup section */

/* Begin PBXFrameworksBuildPhase section */
		74590B263024896C00A11C66 /* Frameworks */ = {
			isa = PBXFrameworksBuildPhase;
			files = (
			);
		};
		74590B333024897300A11C66 /* Frameworks */ = {
			isa = PBXFrameworksBuildPhase;
			files = (
			);
		};
		74590B3D3024897300A11C66 /* Frameworks */ = {
			isa = PBXFrameworksBuildPhase;
			files = (
			);
		};
/* End PBXFrameworksBuildPhase section */

/* Begin PBXGroup section */
		74590B203024896C00A11C66 = {
			isa = PBXGroup;
			children = (
				74590B2B3024896C00A11C66 /* AssignmentApp2 */,
				74590B393024897300A11C66 /* AssignmentApp2Tests */,
				74590B433024897300A11C66 /* AssignmentApp2UITests */,
				74590B2A3024896C00A11C66 /* Products */,
				A2C1B0C00000000000000002 /* CHANGELOG.md */,
			);
			sourceTree = "<group>";
		};
		74590B2A3024896C00A11C66 /* Products */ = {
			isa = PBXGroup;
			children = (
				74590B293024896C00A11C66 /* Assignment App.app */,
				74590B363024897300A11C66 /* AssignmentApp2Tests.xctest */,
				74590B403024897300A11C66 /* AssignmentApp2UITests.xctest */,
			);
			name = Products;
			sourceTree = "<group>";
		};
/* End PBXGroup section */

/* Begin PBXNativeTarget section */
		74590B283024896C00A11C66 /* AssignmentApp2 */ = {
			isa = PBXNativeTarget;
			buildConfigurationList = 74590B483024897300A11C66 /* Build configuration list for PBXNativeTarget "AssignmentApp2" */;
			buildPhases = (
				74590B253024896C00A11C66 /* Sources */,
				74590B263024896C00A11C66 /* Frameworks */,
				74590B273024896C00A11C66 /* Resources */,
			);
			buildRules = (
			);
			fileSystemSynchronizedGroups = (
				74590B2B3024896C00A11C66 /* AssignmentApp2 */,
			);
			name = AssignmentApp2;
			productName = AssignmentApp2;
			productReference = 74590B293024896C00A11C66 /* Assignment App.app */;
			productType = "com.apple.product-type.application";
		};
		74590B353024897300A11C66 /* AssignmentApp2Tests */ = {
			isa = PBXNativeTarget;
			buildConfigurationList = 74590B4B3024897300A11C66 /* Build configuration list for PBXNativeTarget "AssignmentApp2Tests" */;
			buildPhases = (
				74590B323024897300A11C66 /* Sources */,
				74590B333024897300A11C66 /* Frameworks */,
				74590B343024897300A11C66 /* Resources */,
			);
			buildRules = (
			);
			dependencies = (
				74590B383024897300A11C66 /* PBXTargetDependency */,
			);
			fileSystemSynchronizedGroups = (
				74590B393024897300A11C66 /* AssignmentApp2Tests */,
			);
			name = AssignmentApp2Tests;
			productName = AssignmentApp2Tests;
			productReference = 74590B363024897300A11C66 /* AssignmentApp2Tests.xctest */;
			productType = "com.apple.product-type.bundle.unit-test";
		};
		74590B3F3024897300A11C66 /* AssignmentApp2UITests */ = {
			isa = PBXNativeTarget;
			buildConfigurationList = 74590B4E3024897300A11C66 /* Build configuration list for PBXNativeTarget "AssignmentApp2UITests" */;
			buildPhases = (
				74590B3C3024897300A11C66 /* Sources */,
				74590B3D3024897300A11C66 /* Frameworks */,
				74590B3E3024897300A11C66 /* Resources */,
			);
			buildRules = (
			);
			dependencies = (
				74590B423024897300A11C66 /* PBXTargetDependency */,
			);
			fileSystemSynchronizedGroups = (
				74590B433024897300A11C66 /* AssignmentApp2UITests */,
			);
			name = AssignmentApp2UITests;
			productName = AssignmentApp2UITests;
			productReference = 74590B403024897300A11C66 /* AssignmentApp2UITests.xctest */;
			productType = "com.apple.product-type.bundle.ui-testing";
		};
/* End PBXNativeTarget section */

/* Begin PBXProject section */
		74590B213024896C00A11C66 /* Project object */ = {
			isa = PBXProject;
			attributes = {
				BuildIndependentTargetsInParallel = 1;
				LastSwiftUpdateCheck = 2700;
				LastUpgradeCheck = 2700;
				TargetAttributes = {
					74590B283024896C00A11C66 = {
						CreatedOnToolsVersion = 27.0;
					};
					74590B353024897300A11C66 = {
						CreatedOnToolsVersion = 27.0;
						TestTargetID = 74590B283024896C00A11C66;
					};
					74590B3F3024897300A11C66 = {
						CreatedOnToolsVersion = 27.0;
						TestTargetID = 74590B283024896C00A11C66;
					};
				};
			};
			buildConfigurationList = 74590B243024896C00A11C66 /* Build configuration list for PBXProject "AssignmentApp2" */;
			developmentRegion = en;
			hasScannedForEncodings = 0;
			knownRegions = (
				en,
				Base,
			);
			mainGroup = 74590B203024896C00A11C66;
			minimizedProjectReferenceProxies = 1;
			preferredProjectObjectVersion = 77;
			productRefGroup = 74590B2A3024896C00A11C66 /* Products */;
			projectDirPath = "";
			projectRoot = "";
			targets = (
				74590B283024896C00A11C66 /* AssignmentApp2 */,
				74590B353024897300A11C66 /* AssignmentApp2Tests */,
				74590B3F3024897300A11C66 /* AssignmentApp2UITests */,
			);
		};
/* End PBXProject section */

/* Begin PBXResourcesBuildPhase section */
		74590B273024896C00A11C66 /* Resources */ = {
			isa = PBXResourcesBuildPhase;
			files = (
				A2C1B0C00000000000000001 /* CHANGELOG.md in Resources */,
			);
		};
		74590B343024897300A11C66 /* Resources */ = {
			isa = PBXResourcesBuildPhase;
			files = (
			);
		};
		74590B3E3024897300A11C66 /* Resources */ = {
			isa = PBXResourcesBuildPhase;
			files = (
			);
		};
/* End PBXResourcesBuildPhase section */

/* Begin PBXSourcesBuildPhase section */
		74590B253024896C00A11C66 /* Sources */ = {
			isa = PBXSourcesBuildPhase;
			files = (
			);
		};
		74590B323024897300A11C66 /* Sources */ = {
			isa = PBXSourcesBuildPhase;
			files = (
			);
		};
		74590B3C3024897300A11C66 /* Sources */ = {
			isa = PBXSourcesBuildPhase;
			files = (
			);
		};
/* End PBXSourcesBuildPhase section */

/* Begin PBXTargetDependency section */
		74590B383024897300A11C66 /* PBXTargetDependency */ = {
			isa = PBXTargetDependency;
			target = 74590B283024896C00A11C66 /* AssignmentApp2 */;
			targetProxy = 74590B373024897300A11C66 /* PBXContainerItemProxy */;
		};
		74590B423024897300A11C66 /* PBXTargetDependency */ = {
			isa = PBXTargetDependency;
			target = 74590B283024896C00A11C66 /* AssignmentApp2 */;
			targetProxy = 74590B413024897300A11C66 /* PBXContainerItemProxy */;
		};
/* End PBXTargetDependency section */

/* Begin XCBuildConfiguration section */
		74590B463024897300A11C66 /* Debug configuration for PBXProject "AssignmentApp2" */ = {
			isa = XCBuildConfiguration;
			buildSettings = {
				ALWAYS_SEARCH_USER_PATHS = NO;
				ASSETCATALOG_COMPILER_GENERATE_SWIFT_ASSET_SYMBOL_EXTENSIONS = YES;
				CLANG_ANALYZER_NONNULL = YES;
				CLANG_ANALYZER_NUMBER_OBJECT_CONVERSION = YES_AGGRESSIVE;
				CLANG_CXX_LANGUAGE_STANDARD = "gnu++20";
				CLANG_ENABLE_MODULES = YES;
				CLANG_ENABLE_OBJC_ARC = YES;
				CLANG_ENABLE_OBJC_WEAK = YES;
				CLANG_WARN_BLOCK_CAPTURE_AUTORELEASING = YES;
				CLANG_WARN_BOOL_CONVERSION = YES;
				CLANG_WARN_COMMA = YES;
				CLANG_WARN_CONSTANT_CONVERSION = YES;
				CLANG_WARN_DEPRECATED_OBJC_IMPLEMENTATIONS = YES;
				CLANG_WARN_DIRECT_OBJC_ISA_USAGE = YES_ERROR;
				CLANG_WARN_DOCUMENTATION_COMMENTS = YES;
				CLANG_WARN_EMPTY_BODY = YES;
				CLANG_WARN_ENUM_CONVERSION = YES;
				CLANG_WARN_INFINITE_RECURSION = YES;
				CLANG_WARN_INT_CONVERSION = YES;
				CLANG_WARN_NON_LITERAL_NULL_CONVERSION = YES;
				CLANG_WARN_OBJC_IMPLICIT_RETAIN_SELF = YES;
				CLANG_WARN_OBJC_LITERAL_CONVERSION = YES;
				CLANG_WARN_OBJC_ROOT_CLASS = YES_ERROR;
				CLANG_WARN_QUOTED_INCLUDE_IN_FRAMEWORK_HEADER = YES;
				CLANG_WARN_RANGE_LOOP_ANALYSIS = YES;
				CLANG_WARN_STRICT_PROTOTYPES = YES;
				CLANG_WARN_SUSPICIOUS_MOVE = YES;
				CLANG_WARN_UNGUARDED_AVAILABILITY = YES_AGGRESSIVE;
				CLANG_WARN_UNREACHABLE_CODE = YES;
				CLANG_WARN__DUPLICATE_METHOD_MATCH = YES;
				COPY_PHASE_STRIP = NO;
				DEBUG_INFORMATION_FORMAT = dwarf;
				ENABLE_STRICT_OBJC_MSGSEND = YES;
				ENABLE_TESTABILITY = YES;
				ENABLE_USER_SCRIPT_SANDBOXING = YES;
				GCC_C_LANGUAGE_STANDARD = gnu17;
				GCC_DYNAMIC_NO_PIC = NO;
				GCC_NO_COMMON_BLOCKS = YES;
				GCC_OPTIMIZATION_LEVEL = 0;
				GCC_PREPROCESSOR_DEFINITIONS = (
					"DEBUG=1",
					"$(inherited)",
				);
				GCC_WARN_64_TO_32_BIT_CONVERSION = YES;
				GCC_WARN_ABOUT_RETURN_TYPE = YES_ERROR;
				GCC_WARN_UNDECLARED_SELECTOR = YES;
				GCC_WARN_UNINITIALIZED_AUTOS = YES_AGGRESSIVE;
				GCC_WARN_UNUSED_FUNCTION = YES;
				GCC_WARN_UNUSED_VARIABLE = YES;
				IPHONEOS_DEPLOYMENT_TARGET = 17.0;
				LOCALIZATION_PREFERS_STRING_CATALOGS = YES;
				MACOSX_DEPLOYMENT_TARGET = 14.0;
				MTL_ENABLE_DEBUG_INFO = INCLUDE_SOURCE;
				MTL_FAST_MATH = YES;
				ONLY_ACTIVE_ARCH = YES;
				SDKROOT = iphoneos;
				SWIFT_ACTIVE_COMPILATION_CONDITIONS = "DEBUG $(inherited)";
				SWIFT_OPTIMIZATION_LEVEL = "-Onone";
			};
			name = Debug;
		};
		74590B473024897300A11C66 /* Release configuration for PBXProject "AssignmentApp2" */ = {
			isa = XCBuildConfiguration;
			buildSettings = {
				ALWAYS_SEARCH_USER_PATHS = NO;
				ASSETCATALOG_COMPILER_GENERATE_SWIFT_ASSET_SYMBOL_EXTENSIONS = YES;
				CLANG_ANALYZER_NONNULL = YES;
				CLANG_ANALYZER_NUMBER_OBJECT_CONVERSION = YES_AGGRESSIVE;
				CLANG_CXX_LANGUAGE_STANDARD = "gnu++20";
				CLANG_ENABLE_MODULES = YES;
				CLANG_ENABLE_OBJC_ARC = YES;
				CLANG_ENABLE_OBJC_WEAK = YES;
				CLANG_WARN_BLOCK_CAPTURE_AUTORELEASING = YES;
				CLANG_WARN_BOOL_CONVERSION = YES;
				CLANG_WARN_COMMA = YES;
				CLANG_WARN_CONSTANT_CONVERSION = YES;
				CLANG_WARN_DEPRECATED_OBJC_IMPLEMENTATIONS = YES;
				CLANG_WARN_DIRECT_OBJC_ISA_USAGE = YES_ERROR;
				CLANG_WARN_DOCUMENTATION_COMMENTS = YES;
				CLANG_WARN_EMPTY_BODY = YES;
				CLANG_WARN_ENUM_CONVERSION = YES;
				CLANG_WARN_INFINITE_RECURSION = YES;
				CLANG_WARN_INT_CONVERSION = YES;
				CLANG_WARN_NON_LITERAL_NULL_CONVERSION = YES;
				CLANG_WARN_OBJC_IMPLICIT_RETAIN_SELF = YES;
				CLANG_WARN_OBJC_LITERAL_CONVERSION = YES;
				CLANG_WARN_OBJC_ROOT_CLASS = YES_ERROR;
				CLANG_WARN_QUOTED_INCLUDE_IN_FRAMEWORK_HEADER = YES;
				CLANG_WARN_RANGE_LOOP_ANALYSIS = YES;
				CLANG_WARN_STRICT_PROTOTYPES = YES;
				CLANG_WARN_SUSPICIOUS_MOVE = YES;
				CLANG_WARN_UNGUARDED_AVAILABILITY = YES_AGGRESSIVE;
				CLANG_WARN_UNREACHABLE_CODE = YES;
				CLANG_WARN__DUPLICATE_METHOD_MATCH = YES;
				COPY_PHASE_STRIP = NO;
				DEBUG_INFORMATION_FORMAT = "dwarf-with-dsym";
				ENABLE_NS_ASSERTIONS = NO;
				ENABLE_STRICT_OBJC_MSGSEND = YES;
				ENABLE_USER_SCRIPT_SANDBOXING = YES;
				GCC_C_LANGUAGE_STANDARD = gnu17;
				GCC_NO_COMMON_BLOCKS = YES;
				GCC_WARN_64_TO_32_BIT_CONVERSION = YES;
				GCC_WARN_ABOUT_RETURN_TYPE = YES_ERROR;
				GCC_WARN_UNDECLARED_SELECTOR = YES;
				GCC_WARN_UNINITIALIZED_AUTOS = YES_AGGRESSIVE;
				GCC_WARN_UNUSED_FUNCTION = YES;
				GCC_WARN_UNUSED_VARIABLE = YES;
				IPHONEOS_DEPLOYMENT_TARGET = 17.0;
				LOCALIZATION_PREFERS_STRING_CATALOGS = YES;
				MACOSX_DEPLOYMENT_TARGET = 14.0;
				MTL_ENABLE_DEBUG_INFO = NO;
				MTL_FAST_MATH = YES;
				SDKROOT = iphoneos;
				SWIFT_COMPILATION_MODE = wholemodule;
				VALIDATE_PRODUCT = YES;
			};
			name = Release;
		};
		74590B493024897300A11C66 /* Debug configuration for PBXNativeTarget "AssignmentApp2" */ = {
			isa = XCBuildConfiguration;
			buildSettings = {
				ASSETCATALOG_COMPILER_APPICON_NAME = AppIcon;
				ASSETCATALOG_COMPILER_GLOBAL_ACCENT_COLOR_NAME = AccentColor;
				"CODE_SIGN_ENTITLEMENTS[sdk=macosx*]" = AssignmentApp2/AssignmentApp2.entitlements;
				"CODE_SIGN_IDENTITY[sdk=macosx*]" = "-";
				CODE_SIGN_STYLE = Automatic;
				CURRENT_PROJECT_VERSION = 1;
				DERIVE_MACCATALYST_PRODUCT_BUNDLE_IDENTIFIER = NO;
				"ENABLE_APP_SANDBOX[sdk=macosx*]" = YES;
				ENABLE_PREVIEWS = YES;
				GENERATE_INFOPLIST_FILE = YES;
				INFOPLIST_KEY_CFBundleDisplayName = "Assignment App";
				INFOPLIST_KEY_ITSAppUsesNonExemptEncryption = NO;
				INFOPLIST_KEY_LSApplicationCategoryType = "public.app-category.productivity";
				INFOPLIST_KEY_UIApplicationSceneManifest_Generation = YES;
				INFOPLIST_KEY_UIApplicationSupportsIndirectInputEvents = YES;
				INFOPLIST_KEY_UILaunchScreen_Generation = YES;
				INFOPLIST_KEY_UISupportedInterfaceOrientations_iPad = "UIInterfaceOrientationPortrait UIInterfaceOrientationPortraitUpsideDown UIInterfaceOrientationLandscapeLeft UIInterfaceOrientationLandscapeRight";
				INFOPLIST_KEY_UISupportedInterfaceOrientations_iPhone = "UIInterfaceOrientationPortrait UIInterfaceOrientationLandscapeLeft UIInterfaceOrientationLandscapeRight";
				IPHONEOS_DEPLOYMENT_TARGET = 17.0;
				LD_RUNPATH_SEARCH_PATHS = (
					"$(inherited)",
					"@executable_path/Frameworks",
				);
				MARKETING_VERSION = 2.0.0;
				OTHER_LDFLAGS = "-lsqlite3";
				PRODUCT_BUNDLE_IDENTIFIER = com.qianmuyan.assignmentapp;
				PRODUCT_MODULE_NAME = AssignmentApp2;
				PRODUCT_NAME = "Assignment App";
				STRING_CATALOG_GENERATE_SYMBOLS = YES;
				SUPPORTED_PLATFORMS = "iphoneos iphonesimulator";
				SUPPORTS_MACCATALYST = YES;
				SUPPORTS_MAC_DESIGNED_FOR_IPHONE_IPAD = NO;
				SUPPORTS_XR_DESIGNED_FOR_IPHONE_IPAD = NO;
				SWIFT_APPROACHABLE_CONCURRENCY = YES;
				SWIFT_EMIT_LOC_STRINGS = YES;
				SWIFT_UPCOMING_FEATURE_MEMBER_IMPORT_VISIBILITY = YES;
				SWIFT_VERSION = 5.0;
				TARGETED_DEVICE_FAMILY = 2;
			};
			name = Debug;
		};
		74590B4A3024897300A11C66 /* Release configuration for PBXNativeTarget "AssignmentApp2" */ = {
			isa = XCBuildConfiguration;
			buildSettings = {
				ASSETCATALOG_COMPILER_APPICON_NAME = AppIcon;
				ASSETCATALOG_COMPILER_GLOBAL_ACCENT_COLOR_NAME = AccentColor;
				"CODE_SIGN_ENTITLEMENTS[sdk=macosx*]" = AssignmentApp2/AssignmentApp2.entitlements;
				"CODE_SIGN_IDENTITY[sdk=macosx*]" = "-";
				CODE_SIGN_STYLE = Automatic;
				CURRENT_PROJECT_VERSION = 1;
				DERIVE_MACCATALYST_PRODUCT_BUNDLE_IDENTIFIER = NO;
				"ENABLE_APP_SANDBOX[sdk=macosx*]" = YES;
				ENABLE_PREVIEWS = YES;
				GENERATE_INFOPLIST_FILE = YES;
				INFOPLIST_KEY_CFBundleDisplayName = "Assignment App";
				INFOPLIST_KEY_ITSAppUsesNonExemptEncryption = NO;
				INFOPLIST_KEY_LSApplicationCategoryType = "public.app-category.productivity";
				INFOPLIST_KEY_UIApplicationSceneManifest_Generation = YES;
				INFOPLIST_KEY_UIApplicationSupportsIndirectInputEvents = YES;
				INFOPLIST_KEY_UILaunchScreen_Generation = YES;
				INFOPLIST_KEY_UISupportedInterfaceOrientations_iPad = "UIInterfaceOrientationPortrait UIInterfaceOrientationPortraitUpsideDown UIInterfaceOrientationLandscapeLeft UIInterfaceOrientationLandscapeRight";
				INFOPLIST_KEY_UISupportedInterfaceOrientations_iPhone = "UIInterfaceOrientationPortrait UIInterfaceOrientationLandscapeLeft UIInterfaceOrientationLandscapeRight";
				IPHONEOS_DEPLOYMENT_TARGET = 17.0;
				LD_RUNPATH_SEARCH_PATHS = (
					"$(inherited)",
					"@executable_path/Frameworks",
				);
				MARKETING_VERSION = 2.0.0;
				OTHER_LDFLAGS = "-lsqlite3";
				PRODUCT_BUNDLE_IDENTIFIER = com.qianmuyan.assignmentapp;
				PRODUCT_MODULE_NAME = AssignmentApp2;
				PRODUCT_NAME = "Assignment App";
				STRING_CATALOG_GENERATE_SYMBOLS = YES;
				SUPPORTED_PLATFORMS = "iphoneos iphonesimulator";
				SUPPORTS_MACCATALYST = YES;
				SUPPORTS_MAC_DESIGNED_FOR_IPHONE_IPAD = NO;
				SUPPORTS_XR_DESIGNED_FOR_IPHONE_IPAD = NO;
				SWIFT_APPROACHABLE_CONCURRENCY = YES;
				SWIFT_EMIT_LOC_STRINGS = YES;
				SWIFT_UPCOMING_FEATURE_MEMBER_IMPORT_VISIBILITY = YES;
				SWIFT_VERSION = 5.0;
				TARGETED_DEVICE_FAMILY = 2;
			};
			name = Release;
		};
		74590B4C3024897300A11C66 /* Debug configuration for PBXNativeTarget "AssignmentApp2Tests" */ = {
			isa = XCBuildConfiguration;
			buildSettings = {
				BUNDLE_LOADER = "$(TEST_HOST)";
				CODE_SIGN_STYLE = Automatic;
				CURRENT_PROJECT_VERSION = 1;
				GENERATE_INFOPLIST_FILE = YES;
				IPHONEOS_DEPLOYMENT_TARGET = 17.0;
				MARKETING_VERSION = 2.0.0;
				OTHER_LDFLAGS = "-lsqlite3";
				PRODUCT_BUNDLE_IDENTIFIER = com.qianmuyan.assignmentapp.tests;
				PRODUCT_NAME = "$(TARGET_NAME)";
				STRING_CATALOG_GENERATE_SYMBOLS = NO;
				SUPPORTS_MACCATALYST = YES;
				SWIFT_APPROACHABLE_CONCURRENCY = YES;
				SWIFT_EMIT_LOC_STRINGS = NO;
				SWIFT_UPCOMING_FEATURE_MEMBER_IMPORT_VISIBILITY = YES;
				SWIFT_VERSION = 5.0;
				TARGETED_DEVICE_FAMILY = 2;
				TEST_HOST = "$(BUILT_PRODUCTS_DIR)/Assignment App.app/$(BUNDLE_EXECUTABLE_FOLDER_PATH)/Assignment App";
			};
			name = Debug;
		};
		74590B4D3024897300A11C66 /* Release configuration for PBXNativeTarget "AssignmentApp2Tests" */ = {
			isa = XCBuildConfiguration;
			buildSettings = {
				BUNDLE_LOADER = "$(TEST_HOST)";
				CODE_SIGN_STYLE = Automatic;
				CURRENT_PROJECT_VERSION = 1;
				GENERATE_INFOPLIST_FILE = YES;
				IPHONEOS_DEPLOYMENT_TARGET = 17.0;
				MARKETING_VERSION = 2.0.0;
				OTHER_LDFLAGS = "-lsqlite3";
				PRODUCT_BUNDLE_IDENTIFIER = com.qianmuyan.assignmentapp.tests;
				PRODUCT_NAME = "$(TARGET_NAME)";
				STRING_CATALOG_GENERATE_SYMBOLS = NO;
				SUPPORTS_MACCATALYST = YES;
				SWIFT_APPROACHABLE_CONCURRENCY = YES;
				SWIFT_EMIT_LOC_STRINGS = NO;
				SWIFT_UPCOMING_FEATURE_MEMBER_IMPORT_VISIBILITY = YES;
				SWIFT_VERSION = 5.0;
				TARGETED_DEVICE_FAMILY = 2;
				TEST_HOST = "$(BUILT_PRODUCTS_DIR)/Assignment App.app/$(BUNDLE_EXECUTABLE_FOLDER_PATH)/Assignment App";
			};
			name = Release;
		};
		74590B4F3024897300A11C66 /* Debug configuration for PBXNativeTarget "AssignmentApp2UITests" */ = {
			isa = XCBuildConfiguration;
			buildSettings = {
				CODE_SIGN_STYLE = Automatic;
				CURRENT_PROJECT_VERSION = 1;
				GENERATE_INFOPLIST_FILE = YES;
				IPHONEOS_DEPLOYMENT_TARGET = 17.0;
				MARKETING_VERSION = 2.0.0;
				PRODUCT_BUNDLE_IDENTIFIER = com.qianmuyan.assignmentapp.uitests;
				PRODUCT_NAME = "$(TARGET_NAME)";
				STRING_CATALOG_GENERATE_SYMBOLS = NO;
				SUPPORTS_MACCATALYST = YES;
				SWIFT_APPROACHABLE_CONCURRENCY = YES;
				SWIFT_EMIT_LOC_STRINGS = NO;
				SWIFT_UPCOMING_FEATURE_MEMBER_IMPORT_VISIBILITY = YES;
				SWIFT_VERSION = 5.0;
				TARGETED_DEVICE_FAMILY = 2;
				TEST_TARGET_NAME = AssignmentApp2;
			};
			name = Debug;
		};
		74590B503024897300A11C66 /* Release configuration for PBXNativeTarget "AssignmentApp2UITests" */ = {
			isa = XCBuildConfiguration;
			buildSettings = {
				CODE_SIGN_STYLE = Automatic;
				CURRENT_PROJECT_VERSION = 1;
				GENERATE_INFOPLIST_FILE = YES;
				IPHONEOS_DEPLOYMENT_TARGET = 17.0;
				MARKETING_VERSION = 2.0.0;
				PRODUCT_BUNDLE_IDENTIFIER = com.qianmuyan.assignmentapp.uitests;
				PRODUCT_NAME = "$(TARGET_NAME)";
				STRING_CATALOG_GENERATE_SYMBOLS = NO;
				SUPPORTS_MACCATALYST = YES;
				SWIFT_APPROACHABLE_CONCURRENCY = YES;
				SWIFT_EMIT_LOC_STRINGS = NO;
				SWIFT_UPCOMING_FEATURE_MEMBER_IMPORT_VISIBILITY = YES;
				SWIFT_VERSION = 5.0;
				TARGETED_DEVICE_FAMILY = 2;
				TEST_TARGET_NAME = AssignmentApp2;
			};
			name = Release;
		};
/* End XCBuildConfiguration section */

/* Begin XCConfigurationList section */
		74590B243024896C00A11C66 /* Build configuration list for PBXProject "AssignmentApp2" */ = {
			isa = XCConfigurationList;
			buildConfigurations = (
				74590B463024897300A11C66 /* Debug configuration for PBXProject "AssignmentApp2" */,
				74590B473024897300A11C66 /* Release configuration for PBXProject "AssignmentApp2" */,
			);
			defaultConfigurationName = Release;
		};
		74590B483024897300A11C66 /* Build configuration list for PBXNativeTarget "AssignmentApp2" */ = {
			isa = XCConfigurationList;
			buildConfigurations = (
				74590B493024897300A11C66 /* Debug configuration for PBXNativeTarget "AssignmentApp2" */,
				74590B4A3024897300A11C66 /* Release configuration for PBXNativeTarget "AssignmentApp2" */,
			);
			defaultConfigurationName = Release;
		};
		74590B4B3024897300A11C66 /* Build configuration list for PBXNativeTarget "AssignmentApp2Tests" */ = {
			isa = XCConfigurationList;
			buildConfigurations = (
				74590B4C3024897300A11C66 /* Debug configuration for PBXNativeTarget "AssignmentApp2Tests" */,
				74590B4D3024897300A11C66 /* Release configuration for PBXNativeTarget "AssignmentApp2Tests" */,
			);
			defaultConfigurationName = Release;
		};
		74590B4E3024897300A11C66 /* Build configuration list for PBXNativeTarget "AssignmentApp2UITests" */ = {
			isa = XCConfigurationList;
			buildConfigurations = (
				74590B4F3024897300A11C66 /* Debug configuration for PBXNativeTarget "AssignmentApp2UITests" */,
				74590B503024897300A11C66 /* Release configuration for PBXNativeTarget "AssignmentApp2UITests" */,
			);
			defaultConfigurationName = Release;
		};
/* End XCConfigurationList section */
	};
	rootObject = 74590B213024896C00A11C66 /* Project object */;
	validationLevel = 1;
}
